
Microsoft Visual Studio Solution File, Format Version 12.00
# Visual Studio Version 16
VisualStudioVersion = 16.0.29911.84
MinimumVisualStudioVersion = 10.0.40219.1
Project("{FAE04EC0-301F-11D3-BF4B-00C04F79EFBC}") = "Zjazd_nr_1", "Zjazd_nr_1\Zjazd_nr_1.csproj", "{B4F5B8B6-5D3B-4263-9888-A3262336AF95}"
EndProject
Global
	GlobalSection(SolutionConfigurationPlatforms) = preSolution
		Debug|Any CPU = Debug|Any CPU
		Release|Any CPU = Release|Any CPU
	EndGlobalSection
	GlobalSection(ProjectConfigurationPlatforms) = postSolution
		{B4F5B8B6-5D3B-4263-9888-A3262336AF95}.Debug|Any CPU.ActiveCfg = Debug|Any CPU
		{B4F5B8B6-5D3B-4263-9888-A3262336AF95}.Debug|Any CPU.Build.0 = Debug|Any CPU
		{B4F5B8B6-5D3B-4263-9888-A3262336AF95}.Release|Any CPU.ActiveCfg = Release|Any CPU
		{B4F5B8B6-5D3B-4263-9888-A3262336AF95}.Release|Any CPU.Build.0 = Release|Any CPU
	EndGlobalSection
	GlobalSection(SolutionProperties) = preSolution
		HideSolutionNode = FALSE
	EndGlobalSection
	GlobalSection(ExtensibilityGlobals) = postSolution
		SolutionGuid = {91FE2499-5FED-4283-914B-9EAFD928117E}
	EndGlobalSection
EndGlobal
